
Microsoft Visual Studio Solution File, Format Version 12.00
# Visual Studio Version 16
VisualStudioVersion = 16.0.29728.190
MinimumVisualStudioVersion = 10.0.40219.1
Project("{8BC9CEB8-8B4A-11D0-8D11-00A0C91BC942}") = "Diy", "Diy.vcxproj", "{9F27335C-9125-46BB-A95B-334B46AE2375}"
EndProject
Global
	GlobalSection(SolutionConfigurationPlatforms) = preSolution
		Debug|x64 = Debug|x64
		Debug|x86 = Debug|x86
		Release|x64 = Release|x64
		Release|x86 = Release|x86
	EndGlobalSection
	GlobalSection(ProjectConfigurationPlatforms) = postSolution
		{9F27335C-9125-46BB-A95B-334B46AE2375}.Debug|x64.ActiveCfg = Debug|x64
		{9F27335C-9125-46BB-A95B-334B46AE2375}.Debug|x64.Build.0 = Debug|x64
		{9F27335C-9125-46BB-A95B-334B46AE2375}.Debug|x86.ActiveCfg = Debug|Win32
		{9F27335C-9125-46BB-A95B-334B46AE2375}.Debug|x86.Build.0 = Debug|Win32
		{9F27335C-9125-46BB-A95B-334B46AE2375}.Release|x64.ActiveCfg = Release|x64
		{9F27335C-9125-46BB-A95B-334B46AE2375}.Release|x64.Build.0 = Release|x64
		{9F27335C-9125-46BB-A95B-334B46AE2375}.Release|x86.ActiveCfg = Release|Win32
		{9F27335C-9125-46BB-A95B-334B46AE2375}.Release|x86.Build.0 = Release|Win32
	EndGlobalSection
	GlobalSection(SolutionProperties) = preSolution
		HideSolutionNode = FALSE
	EndGlobalSection
	GlobalSection(ExtensibilityGlobals) = postSolution
		SolutionGuid = {917D264D-1C5D-4381-B5AA-BA2F2BC321D1}
	EndGlobalSection
EndGlobal
